
Microsoft Visual Studio Solution File, Format Version 12.00
# Visual Studio Version 16
VisualStudioVersion = 16.0.31112.23
MinimumVisualStudioVersion = 10.0.40219.1
Project("{FAE04EC0-301F-11D3-BF4B-00C04F79EFBC}") = "Terrell.UnrealEngineExtraToolModule", "Terrell.UnrealEngineExtraToolModule.csproj", "{8ECEF5EF-5585-41BB-B583-CA2E7AD075A4}"
EndProject
Project("{FAE04EC0-301F-11D3-BF4B-00C04F79EFBC}") = "ue4qTOOL", "C:\Users\KF4\source\repos\ue4qTOOL\ue4qTOOL.csproj", "{A3A25923-DD2A-4ED2-BDC1-2FA44C17E987}"
EndProject
Global
	GlobalSection(SolutionConfigurationPlatforms) = preSolution
		Debug|Any CPU = Debug|Any CPU
		Release|Any CPU = Release|Any CPU
	EndGlobalSection
	GlobalSection(ProjectConfigurationPlatforms) = postSolution
		{8ECEF5EF-5585-41BB-B583-CA2E7AD075A4}.Debug|Any CPU.ActiveCfg = Debug|Any CPU
		{8ECEF5EF-5585-41BB-B583-CA2E7AD075A4}.Debug|Any CPU.Build.0 = Debug|Any CPU
		{8ECEF5EF-5585-41BB-B583-CA2E7AD075A4}.Release|Any CPU.ActiveCfg = Release|Any CPU
		{8ECEF5EF-5585-41BB-B583-CA2E7AD075A4}.Release|Any CPU.Build.0 = Release|Any CPU
		{A3A25923-DD2A-4ED2-BDC1-2FA44C17E987}.Debug|Any CPU.ActiveCfg = Debug|Any CPU
		{A3A25923-DD2A-4ED2-BDC1-2FA44C17E987}.Debug|Any CPU.Build.0 = Debug|Any CPU
		{A3A25923-DD2A-4ED2-BDC1-2FA44C17E987}.Release|Any CPU.ActiveCfg = Release|Any CPU
		{A3A25923-DD2A-4ED2-BDC1-2FA44C17E987}.Release|Any CPU.Build.0 = Release|Any CPU
	EndGlobalSection
	GlobalSection(SolutionProperties) = preSolution
		HideSolutionNode = FALSE
	EndGlobalSection
	GlobalSection(ExtensibilityGlobals) = postSolution
		SolutionGuid = {90FCEF6C-69E6-45D7-B3B4-828E72AB8B11}
	EndGlobalSection
EndGlobal
